
Microsoft Visual Studio Solution File, Format Version 12.00
# Visual Studio 15
VisualStudioVersion = 15.0.27004.2005
MinimumVisualStudioVersion = 10.0.40219.1
Project("{9A19103F-16F7-4668-BE54-9A1E7A4F7556}") = "BEPUutilities2", "BEPUutilities\BEPUutilities2.csproj", "{B768B4B2-DE74-40A5-84B4-64EA84E81992}"
EndProject
Project("{9A19103F-16F7-4668-BE54-9A1E7A4F7556}") = "BepuUtilitiesTests", "BepuUtilitiesTests\BepuUtilitiesTests.csproj", "{028CA839-D251-40A8-8576-92BFE17BA235}"
EndProject
Global
	GlobalSection(SolutionConfigurationPlatforms) = preSolution
		Debug|Any CPU = Debug|Any CPU
		Debug|x64 = Debug|x64
		Debug|x86 = Debug|x86
		Release|Any CPU = Release|Any CPU
		Release|x64 = Release|x64
		Release|x86 = Release|x86
	EndGlobalSection
	GlobalSection(ProjectConfigurationPlatforms) = postSolution
		{B768B4B2-DE74-40A5-84B4-64EA84E81992}.Debug|Any CPU.ActiveCfg = Debug|Any CPU
		{B768B4B2-DE74-40A5-84B4-64EA84E81992}.Debug|Any CPU.Build.0 = Debug|Any CPU
		{B768B4B2-DE74-40A5-84B4-64EA84E81992}.Debug|x64.ActiveCfg = Debug|Any CPU
		{B768B4B2-DE74-40A5-84B4-64EA84E81992}.Debug|x64.Build.0 = Debug|Any CPU
		{B768B4B2-DE74-40A5-84B4-64EA84E81992}.Debug|x86.ActiveCfg = Debug|Any CPU
		{B768B4B2-DE74-40A5-84B4-64EA84E81992}.Debug|x86.Build.0 = Debug|Any CPU
		{B768B4B2-DE74-40A5-84B4-64EA84E81992}.Release|Any CPU.ActiveCfg = Release|Any CPU
		{B768B4B2-DE74-40A5-84B4-64EA84E81992}.Release|Any CPU.Build.0 = Release|Any CPU
		{B768B4B2-DE74-40A5-84B4-64EA84E81992}.Release|x64.ActiveCfg = Release|Any CPU
		{B768B4B2-DE74-40A5-84B4-64EA84E81992}.Release|x64.Build.0 = Release|Any CPU
		{B768B4B2-DE74-40A5-84B4-64EA84E81992}.Release|x86.ActiveCfg = Release|Any CPU
		{B768B4B2-DE74-40A5-84B4-64EA84E81992}.Release|x86.Build.0 = Release|Any CPU
		{028CA839-D251-40A8-8576-92BFE17BA235}.Debug|Any CPU.ActiveCfg = Debug|Any CPU
		{028CA839-D251-40A8-8576-92BFE17BA235}.Debug|Any CPU.Build.0 = Debug|Any CPU
		{028CA839-D251-40A8-8576-92BFE17BA235}.Debug|x64.ActiveCfg = Debug|Any CPU
		{028CA839-D251-40A8-8576-92BFE17BA235}.Debug|x64.Build.0 = Debug|Any CPU
		{028CA839-D251-40A8-8576-92BFE17BA235}.Debug|x86.ActiveCfg = Debug|Any CPU
		{028CA839-D251-40A8-8576-92BFE17BA235}.Debug|x86.Build.0 = Debug|Any CPU
		{028CA839-D251-40A8-8576-92BFE17BA235}.Release|Any CPU.ActiveCfg = Release|Any CPU
		{028CA839-D251-40A8-8576-92BFE17BA235}.Release|Any CPU.Build.0 = Release|Any CPU
		{028CA839-D251-40A8-8576-92BFE17BA235}.Release|x64.ActiveCfg = Release|Any CPU
		{028CA839-D251-40A8-8576-92BFE17BA235}.Release|x64.Build.0 = Release|Any CPU
		{028CA839-D251-40A8-8576-92BFE17BA235}.Release|x86.ActiveCfg = Release|Any CPU
		{028CA839-D251-40A8-8576-92BFE17BA235}.Release|x86.Build.0 = Release|Any CPU
	EndGlobalSection
	GlobalSection(SolutionProperties) = preSolution
		HideSolutionNode = FALSE
	EndGlobalSection
	GlobalSection(ExtensibilityGlobals) = postSolution
		SolutionGuid = {5EBC9CB5-D4F5-4921-B9EA-F44DEAE14DC6}
	EndGlobalSection
EndGlobal
