
Microsoft Visual Studio Solution File, Format Version 12.00
# Visual Studio 15
VisualStudioVersion = 15.0.27130.2003
MinimumVisualStudioVersion = 10.0.40219.1
Project("{9A19103F-16F7-4668-BE54-9A1E7A4F7556}") = "BepuUtilitiesTests", "BepuUtilitiesTests\BepuUtilitiesTests.csproj", "{028CA839-D251-40A8-8576-92BFE17BA235}"
EndProject
Project("{9A19103F-16F7-4668-BE54-9A1E7A4F7556}") = "BepuUtilities", "BepuUtilities\BepuUtilities.csproj", "{37788269-7234-40B9-A4D4-01B13B2FA728}"
EndProject
Global
	GlobalSection(SolutionConfigurationPlatforms) = preSolution
		Debug|Any CPU = Debug|Any CPU
		Debug|x64 = Debug|x64
		Debug|x86 = Debug|x86
		Release|Any CPU = Release|Any CPU
		Release|x64 = Release|x64
		Release|x86 = Release|x86
		ReleaseStrip|Any CPU = ReleaseStrip|Any CPU
		ReleaseStrip|x64 = ReleaseStrip|x64
		ReleaseStrip|x86 = ReleaseStrip|x86
	EndGlobalSection
	GlobalSection(ProjectConfigurationPlatforms) = postSolution
		{028CA839-D251-40A8-8576-92BFE17BA235}.Debug|Any CPU.ActiveCfg = Debug|Any CPU
		{028CA839-D251-40A8-8576-92BFE17BA235}.Debug|Any CPU.Build.0 = Debug|Any CPU
		{028CA839-D251-40A8-8576-92BFE17BA235}.Debug|x64.ActiveCfg = Debug|Any CPU
		{028CA839-D251-40A8-8576-92BFE17BA235}.Debug|x64.Build.0 = Debug|Any CPU
		{028CA839-D251-40A8-8576-92BFE17BA235}.Debug|x86.ActiveCfg = Debug|Any CPU
		{028CA839-D251-40A8-8576-92BFE17BA235}.Debug|x86.Build.0 = Debug|Any CPU
		{028CA839-D251-40A8-8576-92BFE17BA235}.Release|Any CPU.ActiveCfg = Release|Any CPU
		{028CA839-D251-40A8-8576-92BFE17BA235}.Release|Any CPU.Build.0 = Release|Any CPU
		{028CA839-D251-40A8-8576-92BFE17BA235}.Release|x64.ActiveCfg = Release|Any CPU
		{028CA839-D251-40A8-8576-92BFE17BA235}.Release|x64.Build.0 = Release|Any CPU
		{028CA839-D251-40A8-8576-92BFE17BA235}.Release|x86.ActiveCfg = Release|Any CPU
		{028CA839-D251-40A8-8576-92BFE17BA235}.Release|x86.Build.0 = Release|Any CPU
		{028CA839-D251-40A8-8576-92BFE17BA235}.ReleaseStrip|Any CPU.ActiveCfg = Release|Any CPU
		{028CA839-D251-40A8-8576-92BFE17BA235}.ReleaseStrip|Any CPU.Build.0 = Release|Any CPU
		{028CA839-D251-40A8-8576-92BFE17BA235}.ReleaseStrip|x64.ActiveCfg = Release|Any CPU
		{028CA839-D251-40A8-8576-92BFE17BA235}.ReleaseStrip|x64.Build.0 = Release|Any CPU
		{028CA839-D251-40A8-8576-92BFE17BA235}.ReleaseStrip|x86.ActiveCfg = Release|Any CPU
		{028CA839-D251-40A8-8576-92BFE17BA235}.ReleaseStrip|x86.Build.0 = Release|Any CPU
		{37788269-7234-40B9-A4D4-01B13B2FA728}.Debug|Any CPU.ActiveCfg = Debug|Any CPU
		{37788269-7234-40B9-A4D4-01B13B2FA728}.Debug|Any CPU.Build.0 = Debug|Any CPU
		{37788269-7234-40B9-A4D4-01B13B2FA728}.Debug|x64.ActiveCfg = Debug|Any CPU
		{37788269-7234-40B9-A4D4-01B13B2FA728}.Debug|x64.Build.0 = Debug|Any CPU
		{37788269-7234-40B9-A4D4-01B13B2FA728}.Debug|x86.ActiveCfg = Debug|Any CPU
		{37788269-7234-40B9-A4D4-01B13B2FA728}.Debug|x86.Build.0 = Debug|Any CPU
		{37788269-7234-40B9-A4D4-01B13B2FA728}.Release|Any CPU.ActiveCfg = Release|Any CPU
		{37788269-7234-40B9-A4D4-01B13B2FA728}.Release|Any CPU.Build.0 = Release|Any CPU
		{37788269-7234-40B9-A4D4-01B13B2FA728}.Release|x64.ActiveCfg = Release|Any CPU
		{37788269-7234-40B9-A4D4-01B13B2FA728}.Release|x64.Build.0 = Release|Any CPU
		{37788269-7234-40B9-A4D4-01B13B2FA728}.Release|x86.ActiveCfg = Release|Any CPU
		{37788269-7234-40B9-A4D4-01B13B2FA728}.Release|x86.Build.0 = Release|Any CPU
		{37788269-7234-40B9-A4D4-01B13B2FA728}.ReleaseStrip|Any CPU.ActiveCfg = ReleaseStrip|Any CPU
		{37788269-7234-40B9-A4D4-01B13B2FA728}.ReleaseStrip|Any CPU.Build.0 = ReleaseStrip|Any CPU
		{37788269-7234-40B9-A4D4-01B13B2FA728}.ReleaseStrip|x64.ActiveCfg = ReleaseStrip|Any CPU
		{37788269-7234-40B9-A4D4-01B13B2FA728}.ReleaseStrip|x64.Build.0 = ReleaseStrip|Any CPU
		{37788269-7234-40B9-A4D4-01B13B2FA728}.ReleaseStrip|x86.ActiveCfg = ReleaseStrip|Any CPU
		{37788269-7234-40B9-A4D4-01B13B2FA728}.ReleaseStrip|x86.Build.0 = ReleaseStrip|Any CPU
	EndGlobalSection
	GlobalSection(SolutionProperties) = preSolution
		HideSolutionNode = FALSE
	EndGlobalSection
	GlobalSection(ExtensibilityGlobals) = postSolution
		SolutionGuid = {5EBC9CB5-D4F5-4921-B9EA-F44DEAE14DC6}
	EndGlobalSection
EndGlobal
