
Microsoft Visual Studio Solution File, Format Version 12.00
# Visual Studio Version 17
VisualStudioVersion = 17.0.31423.177
MinimumVisualStudioVersion = 10.0.40219.1
Project("{9A19103F-16F7-4668-BE54-9A1E7A4F7556}") = "DemoContentLoader", "DemoContentLoader\DemoContentLoader.csproj", "{FABD2BE3-697B-4B57-85D0-1077A3198C5C}"
EndProject
Project("{9A19103F-16F7-4668-BE54-9A1E7A4F7556}") = "DemoUtilities", "DemoUtilities\DemoUtilities.csproj", "{499C899F-CD56-476E-AFF8-85A8C29B19BF}"
EndProject
Project("{9A19103F-16F7-4668-BE54-9A1E7A4F7556}") = "DemoContentBuilder", "DemoContentBuilder\DemoContentBuilder.csproj", "{6F7900A8-6B1A-41BB-BB2F-0348A527A2F5}"
EndProject
Project("{9A19103F-16F7-4668-BE54-9A1E7A4F7556}") = "BepuUtilities", "BepuUtilities\BepuUtilities.csproj", "{8D3FB6BE-2726-4479-8AF2-13F593314AC0}"
EndProject
Project("{9A19103F-16F7-4668-BE54-9A1E7A4F7556}") = "BepuPhysics", "BepuPhysics\BepuPhysics.csproj", "{5FBC743A-8911-4DE6-B136-C0B274E1B185}"
EndProject
Project("{9A19103F-16F7-4668-BE54-9A1E7A4F7556}") = "Demos", "Demos.GL\Demos.csproj", "{76B75BB7-7AC8-4942-A3EA-314CB04C0B85}"
EndProject
Project("{9A19103F-16F7-4668-BE54-9A1E7A4F7556}") = "DemoRenderer", "DemoRenderer.GL\DemoRenderer.csproj", "{85C39598-1A63-4944-B619-25F3CD76C7A2}"
EndProject
Global
	GlobalSection(SolutionConfigurationPlatforms) = preSolution
		Debug|Any CPU = Debug|Any CPU
		Debug|ARM = Debug|ARM
		Debug|x64 = Debug|x64
		Debug|x86 = Debug|x86
		Release|Any CPU = Release|Any CPU
		Release|ARM = Release|ARM
		Release|x64 = Release|x64
		Release|x86 = Release|x86
		ReleaseNoProfiling|Any CPU = ReleaseNoProfiling|Any CPU
		ReleaseNoProfiling|ARM = ReleaseNoProfiling|ARM
		ReleaseNoProfiling|x64 = ReleaseNoProfiling|x64
		ReleaseNoProfiling|x86 = ReleaseNoProfiling|x86
		ReleaseStrip|Any CPU = ReleaseStrip|Any CPU
		ReleaseStrip|ARM = ReleaseStrip|ARM
		ReleaseStrip|x64 = ReleaseStrip|x64
		ReleaseStrip|x86 = ReleaseStrip|x86
	EndGlobalSection
	GlobalSection(ProjectConfigurationPlatforms) = postSolution
		{FABD2BE3-697B-4B57-85D0-1077A3198C5C}.Debug|Any CPU.ActiveCfg = Debug|Any CPU
		{FABD2BE3-697B-4B57-85D0-1077A3198C5C}.Debug|Any CPU.Build.0 = Debug|Any CPU
		{FABD2BE3-697B-4B57-85D0-1077A3198C5C}.Debug|ARM.ActiveCfg = Debug|Any CPU
		{FABD2BE3-697B-4B57-85D0-1077A3198C5C}.Debug|ARM.Build.0 = Debug|Any CPU
		{FABD2BE3-697B-4B57-85D0-1077A3198C5C}.Debug|x64.ActiveCfg = Debug|Any CPU
		{FABD2BE3-697B-4B57-85D0-1077A3198C5C}.Debug|x64.Build.0 = Debug|Any CPU
		{FABD2BE3-697B-4B57-85D0-1077A3198C5C}.Debug|x86.ActiveCfg = Debug|Any CPU
		{FABD2BE3-697B-4B57-85D0-1077A3198C5C}.Debug|x86.Build.0 = Debug|Any CPU
		{FABD2BE3-697B-4B57-85D0-1077A3198C5C}.Release|Any CPU.ActiveCfg = Release|Any CPU
		{FABD2BE3-697B-4B57-85D0-1077A3198C5C}.Release|Any CPU.Build.0 = Release|Any CPU
		{FABD2BE3-697B-4B57-85D0-1077A3198C5C}.Release|ARM.ActiveCfg = Release|Any CPU
		{FABD2BE3-697B-4B57-85D0-1077A3198C5C}.Release|ARM.Build.0 = Release|Any CPU
		{FABD2BE3-697B-4B57-85D0-1077A3198C5C}.Release|x64.ActiveCfg = Release|Any CPU
		{FABD2BE3-697B-4B57-85D0-1077A3198C5C}.Release|x64.Build.0 = Release|Any CPU
		{FABD2BE3-697B-4B57-85D0-1077A3198C5C}.Release|x86.ActiveCfg = Release|Any CPU
		{FABD2BE3-697B-4B57-85D0-1077A3198C5C}.Release|x86.Build.0 = Release|Any CPU
		{FABD2BE3-697B-4B57-85D0-1077A3198C5C}.ReleaseNoProfiling|Any CPU.ActiveCfg = Release|Any CPU
		{FABD2BE3-697B-4B57-85D0-1077A3198C5C}.ReleaseNoProfiling|Any CPU.Build.0 = Release|Any CPU
		{FABD2BE3-697B-4B57-85D0-1077A3198C5C}.ReleaseNoProfiling|ARM.ActiveCfg = Release|Any CPU
		{FABD2BE3-697B-4B57-85D0-1077A3198C5C}.ReleaseNoProfiling|ARM.Build.0 = Release|Any CPU
		{FABD2BE3-697B-4B57-85D0-1077A3198C5C}.ReleaseNoProfiling|x64.ActiveCfg = Release|Any CPU
		{FABD2BE3-697B-4B57-85D0-1077A3198C5C}.ReleaseNoProfiling|x64.Build.0 = Release|Any CPU
		{FABD2BE3-697B-4B57-85D0-1077A3198C5C}.ReleaseNoProfiling|x86.ActiveCfg = Release|Any CPU
		{FABD2BE3-697B-4B57-85D0-1077A3198C5C}.ReleaseNoProfiling|x86.Build.0 = Release|Any CPU
		{FABD2BE3-697B-4B57-85D0-1077A3198C5C}.ReleaseStrip|Any CPU.ActiveCfg = Release|Any CPU
		{FABD2BE3-697B-4B57-85D0-1077A3198C5C}.ReleaseStrip|Any CPU.Build.0 = Release|Any CPU
		{FABD2BE3-697B-4B57-85D0-1077A3198C5C}.ReleaseStrip|ARM.ActiveCfg = Release|Any CPU
		{FABD2BE3-697B-4B57-85D0-1077A3198C5C}.ReleaseStrip|ARM.Build.0 = Release|Any CPU
		{FABD2BE3-697B-4B57-85D0-1077A3198C5C}.ReleaseStrip|x64.ActiveCfg = Release|Any CPU
		{FABD2BE3-697B-4B57-85D0-1077A3198C5C}.ReleaseStrip|x64.Build.0 = Release|Any CPU
		{FABD2BE3-697B-4B57-85D0-1077A3198C5C}.ReleaseStrip|x86.ActiveCfg = Release|Any CPU
		{FABD2BE3-697B-4B57-85D0-1077A3198C5C}.ReleaseStrip|x86.Build.0 = Release|Any CPU
		{499C899F-CD56-476E-AFF8-85A8C29B19BF}.Debug|Any CPU.ActiveCfg = Debug|Any CPU
		{499C899F-CD56-476E-AFF8-85A8C29B19BF}.Debug|Any CPU.Build.0 = Debug|Any CPU
		{499C899F-CD56-476E-AFF8-85A8C29B19BF}.Debug|ARM.ActiveCfg = Debug|Any CPU
		{499C899F-CD56-476E-AFF8-85A8C29B19BF}.Debug|ARM.Build.0 = Debug|Any CPU
		{499C899F-CD56-476E-AFF8-85A8C29B19BF}.Debug|x64.ActiveCfg = Debug|Any CPU
		{499C899F-CD56-476E-AFF8-85A8C29B19BF}.Debug|x64.Build.0 = Debug|Any CPU
		{499C899F-CD56-476E-AFF8-85A8C29B19BF}.Debug|x86.ActiveCfg = Debug|Any CPU
		{499C899F-CD56-476E-AFF8-85A8C29B19BF}.Debug|x86.Build.0 = Debug|Any CPU
		{499C899F-CD56-476E-AFF8-85A8C29B19BF}.Release|Any CPU.ActiveCfg = Release|Any CPU
		{499C899F-CD56-476E-AFF8-85A8C29B19BF}.Release|Any CPU.Build.0 = Release|Any CPU
		{499C899F-CD56-476E-AFF8-85A8C29B19BF}.Release|ARM.ActiveCfg = Release|Any CPU
		{499C899F-CD56-476E-AFF8-85A8C29B19BF}.Release|ARM.Build.0 = Release|Any CPU
		{499C899F-CD56-476E-AFF8-85A8C29B19BF}.Release|x64.ActiveCfg = Release|Any CPU
		{499C899F-CD56-476E-AFF8-85A8C29B19BF}.Release|x64.Build.0 = Release|Any CPU
		{499C899F-CD56-476E-AFF8-85A8C29B19BF}.Release|x86.ActiveCfg = Release|Any CPU
		{499C899F-CD56-476E-AFF8-85A8C29B19BF}.Release|x86.Build.0 = Release|Any CPU
		{499C899F-CD56-476E-AFF8-85A8C29B19BF}.ReleaseNoProfiling|Any CPU.ActiveCfg = Release|Any CPU
		{499C899F-CD56-476E-AFF8-85A8C29B19BF}.ReleaseNoProfiling|Any CPU.Build.0 = Release|Any CPU
		{499C899F-CD56-476E-AFF8-85A8C29B19BF}.ReleaseNoProfiling|ARM.ActiveCfg = Release|Any CPU
		{499C899F-CD56-476E-AFF8-85A8C29B19BF}.ReleaseNoProfiling|ARM.Build.0 = Release|Any CPU
		{499C899F-CD56-476E-AFF8-85A8C29B19BF}.ReleaseNoProfiling|x64.ActiveCfg = Release|Any CPU
		{499C899F-CD56-476E-AFF8-85A8C29B19BF}.ReleaseNoProfiling|x64.Build.0 = Release|Any CPU
		{499C899F-CD56-476E-AFF8-85A8C29B19BF}.ReleaseNoProfiling|x86.ActiveCfg = Release|Any CPU
		{499C899F-CD56-476E-AFF8-85A8C29B19BF}.ReleaseNoProfiling|x86.Build.0 = Release|Any CPU
		{499C899F-CD56-476E-AFF8-85A8C29B19BF}.ReleaseStrip|Any CPU.ActiveCfg = Release|Any CPU
		{499C899F-CD56-476E-AFF8-85A8C29B19BF}.ReleaseStrip|Any CPU.Build.0 = Release|Any CPU
		{499C899F-CD56-476E-AFF8-85A8C29B19BF}.ReleaseStrip|ARM.ActiveCfg = Release|Any CPU
		{499C899F-CD56-476E-AFF8-85A8C29B19BF}.ReleaseStrip|ARM.Build.0 = Release|Any CPU
		{499C899F-CD56-476E-AFF8-85A8C29B19BF}.ReleaseStrip|x64.ActiveCfg = Release|Any CPU
		{499C899F-CD56-476E-AFF8-85A8C29B19BF}.ReleaseStrip|x64.Build.0 = Release|Any CPU
		{499C899F-CD56-476E-AFF8-85A8C29B19BF}.ReleaseStrip|x86.ActiveCfg = Release|Any CPU
		{499C899F-CD56-476E-AFF8-85A8C29B19BF}.ReleaseStrip|x86.Build.0 = Release|Any CPU
		{6F7900A8-6B1A-41BB-BB2F-0348A527A2F5}.Debug|Any CPU.ActiveCfg = Debug|x64
		{6F7900A8-6B1A-41BB-BB2F-0348A527A2F5}.Debug|Any CPU.Build.0 = Debug|x64
		{6F7900A8-6B1A-41BB-BB2F-0348A527A2F5}.Debug|ARM.ActiveCfg = Debug|x64
		{6F7900A8-6B1A-41BB-BB2F-0348A527A2F5}.Debug|ARM.Build.0 = Debug|x64
		{6F7900A8-6B1A-41BB-BB2F-0348A527A2F5}.Debug|x64.ActiveCfg = Debug|x64
		{6F7900A8-6B1A-41BB-BB2F-0348A527A2F5}.Debug|x64.Build.0 = Debug|x64
		{6F7900A8-6B1A-41BB-BB2F-0348A527A2F5}.Debug|x86.ActiveCfg = Debug|x64
		{6F7900A8-6B1A-41BB-BB2F-0348A527A2F5}.Debug|x86.Build.0 = Debug|x64
		{6F7900A8-6B1A-41BB-BB2F-0348A527A2F5}.Release|Any CPU.ActiveCfg = Release|x64
		{6F7900A8-6B1A-41BB-BB2F-0348A527A2F5}.Release|Any CPU.Build.0 = Release|x64
		{6F7900A8-6B1A-41BB-BB2F-0348A527A2F5}.Release|ARM.ActiveCfg = Release|x64
		{6F7900A8-6B1A-41BB-BB2F-0348A527A2F5}.Release|ARM.Build.0 = Release|x64
		{6F7900A8-6B1A-41BB-BB2F-0348A527A2F5}.Release|x64.ActiveCfg = Release|x64
		{6F7900A8-6B1A-41BB-BB2F-0348A527A2F5}.Release|x64.Build.0 = Release|x64
		{6F7900A8-6B1A-41BB-BB2F-0348A527A2F5}.Release|x86.ActiveCfg = Release|x64
		{6F7900A8-6B1A-41BB-BB2F-0348A527A2F5}.Release|x86.Build.0 = Release|x64
		{6F7900A8-6B1A-41BB-BB2F-0348A527A2F5}.ReleaseNoProfiling|Any CPU.ActiveCfg = Release|x64
		{6F7900A8-6B1A-41BB-BB2F-0348A527A2F5}.ReleaseNoProfiling|Any CPU.Build.0 = Release|x64
		{6F7900A8-6B1A-41BB-BB2F-0348A527A2F5}.ReleaseNoProfiling|ARM.ActiveCfg = Release|x64
		{6F7900A8-6B1A-41BB-BB2F-0348A527A2F5}.ReleaseNoProfiling|ARM.Build.0 = Release|x64
		{6F7900A8-6B1A-41BB-BB2F-0348A527A2F5}.ReleaseNoProfiling|x64.ActiveCfg = Release|x64
		{6F7900A8-6B1A-41BB-BB2F-0348A527A2F5}.ReleaseNoProfiling|x64.Build.0 = Release|x64
		{6F7900A8-6B1A-41BB-BB2F-0348A527A2F5}.ReleaseNoProfiling|x86.ActiveCfg = Release|x64
		{6F7900A8-6B1A-41BB-BB2F-0348A527A2F5}.ReleaseNoProfiling|x86.Build.0 = Release|x64
		{6F7900A8-6B1A-41BB-BB2F-0348A527A2F5}.ReleaseStrip|Any CPU.ActiveCfg = Release|x64
		{6F7900A8-6B1A-41BB-BB2F-0348A527A2F5}.ReleaseStrip|Any CPU.Build.0 = Release|x64
		{6F7900A8-6B1A-41BB-BB2F-0348A527A2F5}.ReleaseStrip|ARM.ActiveCfg = Release|x64
		{6F7900A8-6B1A-41BB-BB2F-0348A527A2F5}.ReleaseStrip|ARM.Build.0 = Release|x64
		{6F7900A8-6B1A-41BB-BB2F-0348A527A2F5}.ReleaseStrip|x64.ActiveCfg = Release|x64
		{6F7900A8-6B1A-41BB-BB2F-0348A527A2F5}.ReleaseStrip|x64.Build.0 = Release|x64
		{6F7900A8-6B1A-41BB-BB2F-0348A527A2F5}.ReleaseStrip|x86.ActiveCfg = Release|x64
		{6F7900A8-6B1A-41BB-BB2F-0348A527A2F5}.ReleaseStrip|x86.Build.0 = Release|x64
		{8D3FB6BE-2726-4479-8AF2-13F593314AC0}.Debug|Any CPU.ActiveCfg = Debug|Any CPU
		{8D3FB6BE-2726-4479-8AF2-13F593314AC0}.Debug|Any CPU.Build.0 = Debug|Any CPU
		{8D3FB6BE-2726-4479-8AF2-13F593314AC0}.Debug|ARM.ActiveCfg = Debug|Any CPU
		{8D3FB6BE-2726-4479-8AF2-13F593314AC0}.Debug|ARM.Build.0 = Debug|Any CPU
		{8D3FB6BE-2726-4479-8AF2-13F593314AC0}.Debug|x64.ActiveCfg = Debug|Any CPU
		{8D3FB6BE-2726-4479-8AF2-13F593314AC0}.Debug|x64.Build.0 = Debug|Any CPU
		{8D3FB6BE-2726-4479-8AF2-13F593314AC0}.Debug|x86.ActiveCfg = Debug|Any CPU
		{8D3FB6BE-2726-4479-8AF2-13F593314AC0}.Debug|x86.Build.0 = Debug|Any CPU
		{8D3FB6BE-2726-4479-8AF2-13F593314AC0}.Release|Any CPU.ActiveCfg = Release|Any CPU
		{8D3FB6BE-2726-4479-8AF2-13F593314AC0}.Release|Any CPU.Build.0 = Release|Any CPU
		{8D3FB6BE-2726-4479-8AF2-13F593314AC0}.Release|ARM.ActiveCfg = Release|Any CPU
		{8D3FB6BE-2726-4479-8AF2-13F593314AC0}.Release|ARM.Build.0 = Release|Any CPU
		{8D3FB6BE-2726-4479-8AF2-13F593314AC0}.Release|x64.ActiveCfg = Release|Any CPU
		{8D3FB6BE-2726-4479-8AF2-13F593314AC0}.Release|x64.Build.0 = Release|Any CPU
		{8D3FB6BE-2726-4479-8AF2-13F593314AC0}.Release|x86.ActiveCfg = Release|Any CPU
		{8D3FB6BE-2726-4479-8AF2-13F593314AC0}.Release|x86.Build.0 = Release|Any CPU
		{8D3FB6BE-2726-4479-8AF2-13F593314AC0}.ReleaseNoProfiling|Any CPU.ActiveCfg = Release|Any CPU
		{8D3FB6BE-2726-4479-8AF2-13F593314AC0}.ReleaseNoProfiling|Any CPU.Build.0 = Release|Any CPU
		{8D3FB6BE-2726-4479-8AF2-13F593314AC0}.ReleaseNoProfiling|ARM.ActiveCfg = Release|Any CPU
		{8D3FB6BE-2726-4479-8AF2-13F593314AC0}.ReleaseNoProfiling|ARM.Build.0 = Release|Any CPU
		{8D3FB6BE-2726-4479-8AF2-13F593314AC0}.ReleaseNoProfiling|x64.ActiveCfg = Release|Any CPU
		{8D3FB6BE-2726-4479-8AF2-13F593314AC0}.ReleaseNoProfiling|x64.Build.0 = Release|Any CPU
		{8D3FB6BE-2726-4479-8AF2-13F593314AC0}.ReleaseNoProfiling|x86.ActiveCfg = Release|Any CPU
		{8D3FB6BE-2726-4479-8AF2-13F593314AC0}.ReleaseNoProfiling|x86.Build.0 = Release|Any CPU
		{8D3FB6BE-2726-4479-8AF2-13F593314AC0}.ReleaseStrip|Any CPU.ActiveCfg = Release|Any CPU
		{8D3FB6BE-2726-4479-8AF2-13F593314AC0}.ReleaseStrip|Any CPU.Build.0 = Release|Any CPU
		{8D3FB6BE-2726-4479-8AF2-13F593314AC0}.ReleaseStrip|ARM.ActiveCfg = Release|Any CPU
		{8D3FB6BE-2726-4479-8AF2-13F593314AC0}.ReleaseStrip|ARM.Build.0 = Release|Any CPU
		{8D3FB6BE-2726-4479-8AF2-13F593314AC0}.ReleaseStrip|x64.ActiveCfg = Release|Any CPU
		{8D3FB6BE-2726-4479-8AF2-13F593314AC0}.ReleaseStrip|x64.Build.0 = Release|Any CPU
		{8D3FB6BE-2726-4479-8AF2-13F593314AC0}.ReleaseStrip|x86.ActiveCfg = Release|Any CPU
		{8D3FB6BE-2726-4479-8AF2-13F593314AC0}.ReleaseStrip|x86.Build.0 = Release|Any CPU
		{5FBC743A-8911-4DE6-B136-C0B274E1B185}.Debug|Any CPU.ActiveCfg = Debug|Any CPU
		{5FBC743A-8911-4DE6-B136-C0B274E1B185}.Debug|Any CPU.Build.0 = Debug|Any CPU
		{5FBC743A-8911-4DE6-B136-C0B274E1B185}.Debug|ARM.ActiveCfg = Debug|Any CPU
		{5FBC743A-8911-4DE6-B136-C0B274E1B185}.Debug|ARM.Build.0 = Debug|Any CPU
		{5FBC743A-8911-4DE6-B136-C0B274E1B185}.Debug|x64.ActiveCfg = Debug|Any CPU
		{5FBC743A-8911-4DE6-B136-C0B274E1B185}.Debug|x64.Build.0 = Debug|Any CPU
		{5FBC743A-8911-4DE6-B136-C0B274E1B185}.Debug|x86.ActiveCfg = Debug|Any CPU
		{5FBC743A-8911-4DE6-B136-C0B274E1B185}.Debug|x86.Build.0 = Debug|Any CPU
		{5FBC743A-8911-4DE6-B136-C0B274E1B185}.Release|Any CPU.ActiveCfg = Release|Any CPU
		{5FBC743A-8911-4DE6-B136-C0B274E1B185}.Release|Any CPU.Build.0 = Release|Any CPU
		{5FBC743A-8911-4DE6-B136-C0B274E1B185}.Release|ARM.ActiveCfg = Release|Any CPU
		{5FBC743A-8911-4DE6-B136-C0B274E1B185}.Release|ARM.Build.0 = Release|Any CPU
		{5FBC743A-8911-4DE6-B136-C0B274E1B185}.Release|x64.ActiveCfg = Release|Any CPU
		{5FBC743A-8911-4DE6-B136-C0B274E1B185}.Release|x64.Build.0 = Release|Any CPU
		{5FBC743A-8911-4DE6-B136-C0B274E1B185}.Release|x86.ActiveCfg = Release|Any CPU
		{5FBC743A-8911-4DE6-B136-C0B274E1B185}.Release|x86.Build.0 = Release|Any CPU
		{5FBC743A-8911-4DE6-B136-C0B274E1B185}.ReleaseNoProfiling|Any CPU.ActiveCfg = ReleaseNoProfiling|Any CPU
		{5FBC743A-8911-4DE6-B136-C0B274E1B185}.ReleaseNoProfiling|Any CPU.Build.0 = ReleaseNoProfiling|Any CPU
		{5FBC743A-8911-4DE6-B136-C0B274E1B185}.ReleaseNoProfiling|ARM.ActiveCfg = ReleaseNoProfiling|Any CPU
		{5FBC743A-8911-4DE6-B136-C0B274E1B185}.ReleaseNoProfiling|ARM.Build.0 = ReleaseNoProfiling|Any CPU
		{5FBC743A-8911-4DE6-B136-C0B274E1B185}.ReleaseNoProfiling|x64.ActiveCfg = ReleaseNoProfiling|Any CPU
		{5FBC743A-8911-4DE6-B136-C0B274E1B185}.ReleaseNoProfiling|x64.Build.0 = ReleaseNoProfiling|Any CPU
		{5FBC743A-8911-4DE6-B136-C0B274E1B185}.ReleaseNoProfiling|x86.ActiveCfg = ReleaseNoProfiling|Any CPU
		{5FBC743A-8911-4DE6-B136-C0B274E1B185}.ReleaseNoProfiling|x86.Build.0 = ReleaseNoProfiling|Any CPU
		{5FBC743A-8911-4DE6-B136-C0B274E1B185}.ReleaseStrip|Any CPU.ActiveCfg = ReleaseNoProfiling|Any CPU
		{5FBC743A-8911-4DE6-B136-C0B274E1B185}.ReleaseStrip|Any CPU.Build.0 = ReleaseNoProfiling|Any CPU
		{5FBC743A-8911-4DE6-B136-C0B274E1B185}.ReleaseStrip|ARM.ActiveCfg = ReleaseNoProfiling|Any CPU
		{5FBC743A-8911-4DE6-B136-C0B274E1B185}.ReleaseStrip|ARM.Build.0 = ReleaseNoProfiling|Any CPU
		{5FBC743A-8911-4DE6-B136-C0B274E1B185}.ReleaseStrip|x64.ActiveCfg = ReleaseNoProfiling|Any CPU
		{5FBC743A-8911-4DE6-B136-C0B274E1B185}.ReleaseStrip|x64.Build.0 = ReleaseNoProfiling|Any CPU
		{5FBC743A-8911-4DE6-B136-C0B274E1B185}.ReleaseStrip|x86.ActiveCfg = ReleaseNoProfiling|Any CPU
		{5FBC743A-8911-4DE6-B136-C0B274E1B185}.ReleaseStrip|x86.Build.0 = ReleaseNoProfiling|Any CPU
		{76B75BB7-7AC8-4942-A3EA-314CB04C0B85}.Debug|Any CPU.ActiveCfg = Debug|Any CPU
		{76B75BB7-7AC8-4942-A3EA-314CB04C0B85}.Debug|Any CPU.Build.0 = Debug|Any CPU
		{76B75BB7-7AC8-4942-A3EA-314CB04C0B85}.Debug|ARM.ActiveCfg = Debug|Any CPU
		{76B75BB7-7AC8-4942-A3EA-314CB04C0B85}.Debug|ARM.Build.0 = Debug|Any CPU
		{76B75BB7-7AC8-4942-A3EA-314CB04C0B85}.Debug|x64.ActiveCfg = Debug|Any CPU
		{76B75BB7-7AC8-4942-A3EA-314CB04C0B85}.Debug|x64.Build.0 = Debug|Any CPU
		{76B75BB7-7AC8-4942-A3EA-314CB04C0B85}.Debug|x86.ActiveCfg = Debug|Any CPU
		{76B75BB7-7AC8-4942-A3EA-314CB04C0B85}.Debug|x86.Build.0 = Debug|Any CPU
		{76B75BB7-7AC8-4942-A3EA-314CB04C0B85}.Release|Any CPU.ActiveCfg = Release|Any CPU
		{76B75BB7-7AC8-4942-A3EA-314CB04C0B85}.Release|Any CPU.Build.0 = Release|Any CPU
		{76B75BB7-7AC8-4942-A3EA-314CB04C0B85}.Release|ARM.ActiveCfg = Release|Any CPU
		{76B75BB7-7AC8-4942-A3EA-314CB04C0B85}.Release|ARM.Build.0 = Release|Any CPU
		{76B75BB7-7AC8-4942-A3EA-314CB04C0B85}.Release|x64.ActiveCfg = Release|Any CPU
		{76B75BB7-7AC8-4942-A3EA-314CB04C0B85}.Release|x64.Build.0 = Release|Any CPU
		{76B75BB7-7AC8-4942-A3EA-314CB04C0B85}.Release|x86.ActiveCfg = Release|Any CPU
		{76B75BB7-7AC8-4942-A3EA-314CB04C0B85}.Release|x86.Build.0 = Release|Any CPU
		{76B75BB7-7AC8-4942-A3EA-314CB04C0B85}.ReleaseNoProfiling|Any CPU.ActiveCfg = Release|Any CPU
		{76B75BB7-7AC8-4942-A3EA-314CB04C0B85}.ReleaseNoProfiling|Any CPU.Build.0 = Release|Any CPU
		{76B75BB7-7AC8-4942-A3EA-314CB04C0B85}.ReleaseNoProfiling|ARM.ActiveCfg = Release|Any CPU
		{76B75BB7-7AC8-4942-A3EA-314CB04C0B85}.ReleaseNoProfiling|ARM.Build.0 = Release|Any CPU
		{76B75BB7-7AC8-4942-A3EA-314CB04C0B85}.ReleaseNoProfiling|x64.ActiveCfg = Release|Any CPU
		{76B75BB7-7AC8-4942-A3EA-314CB04C0B85}.ReleaseNoProfiling|x64.Build.0 = Release|Any CPU
		{76B75BB7-7AC8-4942-A3EA-314CB04C0B85}.ReleaseNoProfiling|x86.ActiveCfg = Release|Any CPU
		{76B75BB7-7AC8-4942-A3EA-314CB04C0B85}.ReleaseNoProfiling|x86.Build.0 = Release|Any CPU
		{76B75BB7-7AC8-4942-A3EA-314CB04C0B85}.ReleaseStrip|Any CPU.ActiveCfg = ReleaseStrip|Any CPU
		{76B75BB7-7AC8-4942-A3EA-314CB04C0B85}.ReleaseStrip|Any CPU.Build.0 = ReleaseStrip|Any CPU
		{76B75BB7-7AC8-4942-A3EA-314CB04C0B85}.ReleaseStrip|ARM.ActiveCfg = ReleaseStrip|Any CPU
		{76B75BB7-7AC8-4942-A3EA-314CB04C0B85}.ReleaseStrip|ARM.Build.0 = ReleaseStrip|Any CPU
		{76B75BB7-7AC8-4942-A3EA-314CB04C0B85}.ReleaseStrip|x64.ActiveCfg = ReleaseStrip|Any CPU
		{76B75BB7-7AC8-4942-A3EA-314CB04C0B85}.ReleaseStrip|x64.Build.0 = ReleaseStrip|Any CPU
		{76B75BB7-7AC8-4942-A3EA-314CB04C0B85}.ReleaseStrip|x86.ActiveCfg = ReleaseStrip|Any CPU
		{76B75BB7-7AC8-4942-A3EA-314CB04C0B85}.ReleaseStrip|x86.Build.0 = ReleaseStrip|Any CPU
		{85C39598-1A63-4944-B619-25F3CD76C7A2}.Debug|Any CPU.ActiveCfg = Debug|Any CPU
		{85C39598-1A63-4944-B619-25F3CD76C7A2}.Debug|Any CPU.Build.0 = Debug|Any CPU
		{85C39598-1A63-4944-B619-25F3CD76C7A2}.Debug|ARM.ActiveCfg = Debug|Any CPU
		{85C39598-1A63-4944-B619-25F3CD76C7A2}.Debug|ARM.Build.0 = Debug|Any CPU
		{85C39598-1A63-4944-B619-25F3CD76C7A2}.Debug|x64.ActiveCfg = Debug|Any CPU
		{85C39598-1A63-4944-B619-25F3CD76C7A2}.Debug|x64.Build.0 = Debug|Any CPU
		{85C39598-1A63-4944-B619-25F3CD76C7A2}.Debug|x86.ActiveCfg = Debug|Any CPU
		{85C39598-1A63-4944-B619-25F3CD76C7A2}.Debug|x86.Build.0 = Debug|Any CPU
		{85C39598-1A63-4944-B619-25F3CD76C7A2}.Release|Any CPU.ActiveCfg = Release|Any CPU
		{85C39598-1A63-4944-B619-25F3CD76C7A2}.Release|Any CPU.Build.0 = Release|Any CPU
		{85C39598-1A63-4944-B619-25F3CD76C7A2}.Release|ARM.ActiveCfg = Release|Any CPU
		{85C39598-1A63-4944-B619-25F3CD76C7A2}.Release|ARM.Build.0 = Release|Any CPU
		{85C39598-1A63-4944-B619-25F3CD76C7A2}.Release|x64.ActiveCfg = Release|Any CPU
		{85C39598-1A63-4944-B619-25F3CD76C7A2}.Release|x64.Build.0 = Release|Any CPU
		{85C39598-1A63-4944-B619-25F3CD76C7A2}.Release|x86.ActiveCfg = Release|Any CPU
		{85C39598-1A63-4944-B619-25F3CD76C7A2}.Release|x86.Build.0 = Release|Any CPU
		{85C39598-1A63-4944-B619-25F3CD76C7A2}.ReleaseNoProfiling|Any CPU.ActiveCfg = Release|Any CPU
		{85C39598-1A63-4944-B619-25F3CD76C7A2}.ReleaseNoProfiling|Any CPU.Build.0 = Release|Any CPU
		{85C39598-1A63-4944-B619-25F3CD76C7A2}.ReleaseNoProfiling|ARM.ActiveCfg = Release|Any CPU
		{85C39598-1A63-4944-B619-25F3CD76C7A2}.ReleaseNoProfiling|ARM.Build.0 = Release|Any CPU
		{85C39598-1A63-4944-B619-25F3CD76C7A2}.ReleaseNoProfiling|x64.ActiveCfg = Release|Any CPU
		{85C39598-1A63-4944-B619-25F3CD76C7A2}.ReleaseNoProfiling|x64.Build.0 = Release|Any CPU
		{85C39598-1A63-4944-B619-25F3CD76C7A2}.ReleaseNoProfiling|x86.ActiveCfg = Release|Any CPU
		{85C39598-1A63-4944-B619-25F3CD76C7A2}.ReleaseNoProfiling|x86.Build.0 = Release|Any CPU
		{85C39598-1A63-4944-B619-25F3CD76C7A2}.ReleaseStrip|Any CPU.ActiveCfg = Release|Any CPU
		{85C39598-1A63-4944-B619-25F3CD76C7A2}.ReleaseStrip|Any CPU.Build.0 = Release|Any CPU
		{85C39598-1A63-4944-B619-25F3CD76C7A2}.ReleaseStrip|ARM.ActiveCfg = Release|Any CPU
		{85C39598-1A63-4944-B619-25F3CD76C7A2}.ReleaseStrip|ARM.Build.0 = Release|Any CPU
		{85C39598-1A63-4944-B619-25F3CD76C7A2}.ReleaseStrip|x64.ActiveCfg = Release|Any CPU
		{85C39598-1A63-4944-B619-25F3CD76C7A2}.ReleaseStrip|x64.Build.0 = Release|Any CPU
		{85C39598-1A63-4944-B619-25F3CD76C7A2}.ReleaseStrip|x86.ActiveCfg = Release|Any CPU
		{85C39598-1A63-4944-B619-25F3CD76C7A2}.ReleaseStrip|x86.Build.0 = Release|Any CPU
	EndGlobalSection
	GlobalSection(SolutionProperties) = preSolution
		HideSolutionNode = FALSE
	EndGlobalSection
	GlobalSection(ExtensibilityGlobals) = postSolution
		SolutionGuid = {29758AC0-E221-4C61-AC3D-16DD9A722844}
	EndGlobalSection
	GlobalSection(Performance) = preSolution
		HasPerformanceSessions = true
	EndGlobalSection
	GlobalSection(Performance) = preSolution
		HasPerformanceSessions = true
	EndGlobalSection
	GlobalSection(Performance) = preSolution
		HasPerformanceSessions = true
	EndGlobalSection
	GlobalSection(Performance) = preSolution
		HasPerformanceSessions = true
	EndGlobalSection
	GlobalSection(Performance) = preSolution
		HasPerformanceSessions = true
	EndGlobalSection
EndGlobal
